[root]
name = "first_rust_redis"
version = "0.1.0"
dependencies = [
 "redis 0.3.1 (git+https://github.com/mitsuhiko/redis-rs.git)",
]

[[package]]
name = "byteorder"
version = "0.3.9"
source = "registry+https://github.com/rust-lang/crates.io-index"

[[package]]
name = "matches"
version = "0.1.2"
source = "registry+https://github.com/rust-lang/crates.io-index"

[[package]]
name = "redis"
version = "0.3.1"
source = "git+https://github.com/mitsuhiko/redis-rs.git#8dcec0bf02f0ee0959dc5c275710aa50686eca11"
dependencies = [
 "rustc-serialize 0.3.14 (registry+https://github.com/rust-lang/crates.io-index)",
 "sha1 0.1.1 (registry+https://github.com/rust-lang/crates.io-index)",
 "url 0.2.31 (registry+https://github.com/rust-lang/crates.io-index)",
]

[[package]]
name = "rustc-serialize"
version = "0.3.14"
source = "registry+https://github.com/rust-lang/crates.io-index"

[[package]]
name = "sha1"
version = "0.1.1"
source = "registry+https://github.com/rust-lang/crates.io-index"
dependencies = [
 "byteorder 0.3.9 (registry+https://github.com/rust-lang/crates.io-index)",
]

[[package]]
name = "url"
version = "0.2.31"
source = "registry+https://github.com/rust-lang/crates.io-index"
dependencies = [
 "matches 0.1.2 (registry+https://github.com/rust-lang/crates.io-index)",
 "rustc-serialize 0.3.14 (registry+https://github.com/rust-lang/crates.io-index)",
]

